
Microsoft Visual Studio Solution File, Format Version 12.00
# Visual Studio Version 16
VisualStudioVersion = 25.0.1706.1
MinimumVisualStudioVersion = 10.0.40219.1
Project("{FAE04EC0-301F-11D3-BF4B-00C04F79EFBC}") = "DesignPatterns", "DesignPatterns\DesignPatterns.csproj", "{4C04237B-C2A7-42B9-9EDE-D018F14C84FC}"
EndProject
Global
	GlobalSection(SolutionConfigurationPlatforms) = preSolution
		Debug|Any CPU = Debug|Any CPU
		Release|Any CPU = Release|Any CPU
	EndGlobalSection
	GlobalSection(ProjectConfigurationPlatforms) = postSolution
		{4C04237B-C2A7-42B9-9EDE-D018F14C84FC}.Debug|Any CPU.ActiveCfg = Debug|Any CPU
		{4C04237B-C2A7-42B9-9EDE-D018F14C84FC}.Debug|Any CPU.Build.0 = Debug|Any CPU
		{4C04237B-C2A7-42B9-9EDE-D018F14C84FC}.Release|Any CPU.ActiveCfg = Release|Any CPU
		{4C04237B-C2A7-42B9-9EDE-D018F14C84FC}.Release|Any CPU.Build.0 = Release|Any CPU
	EndGlobalSection
	GlobalSection(SolutionProperties) = preSolution
		HideSolutionNode = FALSE
	EndGlobalSection
	GlobalSection(ExtensibilityGlobals) = postSolution
		SolutionGuid = {C1003B92-7E4F-476E-9281-B106D6840E53}
	EndGlobalSection
EndGlobal
